
Microsoft Visual Studio Solution File, Format Version 12.00
# Visual Studio Version 17
VisualStudioVersion = 17.8.34330.188
MinimumVisualStudioVersion = 10.0.40219.1
Project("{FAE04EC0-301F-11D3-BF4B-00C04F79EFBC}") = "OOP-Exercise-9", "OOP-Exercise-9.csproj", "{373FA899-C9E4-4496-97E8-EADD35209214}"
EndProject
Global
	GlobalSection(SolutionConfigurationPlatforms) = preSolution
		Debug|Any CPU = Debug|Any CPU
		Release|Any CPU = Release|Any CPU
	EndGlobalSection
	GlobalSection(ProjectConfigurationPlatforms) = postSolution
		{373FA899-C9E4-4496-97E8-EADD35209214}.Debug|Any CPU.ActiveCfg = Debug|Any CPU
		{373FA899-C9E4-4496-97E8-EADD35209214}.Debug|Any CPU.Build.0 = Debug|Any CPU
		{373FA899-C9E4-4496-97E8-EADD35209214}.Release|Any CPU.ActiveCfg = Release|Any CPU
		{373FA899-C9E4-4496-97E8-EADD35209214}.Release|Any CPU.Build.0 = Release|Any CPU
	EndGlobalSection
	GlobalSection(SolutionProperties) = preSolution
		HideSolutionNode = FALSE
	EndGlobalSection
	GlobalSection(ExtensibilityGlobals) = postSolution
		SolutionGuid = {74F701B9-E01C-4746-8F8A-71969BED2592}
	EndGlobalSection
EndGlobal
